
Microsoft Visual Studio Solution File, Format Version 12.00
# Visual Studio Version 17
VisualStudioVersion = 17.5.002.0
MinimumVisualStudioVersion = 10.0.40219.1
Project("{2150E333-8FDC-42A3-9474-1A3956D46DE8}") = "graphics", "graphics", "{9F2A1E09-6784-4C8C-A04C-BBD2C6F6AC9F}"
EndProject
Project("{2150E333-8FDC-42A3-9474-1A3956D46DE8}") = "noesis", "noesis", "{FA54EC42-9BF6-4A8F-8C99-B3500366AE46}"
EndProject
Project("{2150E333-8FDC-42A3-9474-1A3956D46DE8}") = "Theme", "Theme", "{3A02BD10-18F4-4C05-A699-9829868E426A}"
EndProject
Project("{9A19103F-16F7-4668-BE54-9A1E7A4F7556}") = "Theme-blend", "graphics\noesis\Theme\Data\Theme-blend.csproj", "{9DA26377-E7AF-46DD-B3DF-1050B2FE2472}"
EndProject
Global
	GlobalSection(SolutionConfigurationPlatforms) = preSolution
		Debug|Any CPU = Debug|Any CPU
		Release|Any CPU = Release|Any CPU
	EndGlobalSection
	GlobalSection(ProjectConfigurationPlatforms) = postSolution
		{9DA26377-E7AF-46DD-B3DF-1050B2FE2472}.Debug|Any CPU.ActiveCfg = Debug|Any CPU
		{9DA26377-E7AF-46DD-B3DF-1050B2FE2472}.Debug|Any CPU.Build.0 = Debug|Any CPU
		{9DA26377-E7AF-46DD-B3DF-1050B2FE2472}.Release|Any CPU.ActiveCfg = Release|Any CPU
		{9DA26377-E7AF-46DD-B3DF-1050B2FE2472}.Release|Any CPU.Build.0 = Release|Any CPU
	EndGlobalSection
	GlobalSection(SolutionProperties) = preSolution
		HideSolutionNode = FALSE
	EndGlobalSection
	GlobalSection(NestedProjects) = preSolution
		{FA54EC42-9BF6-4A8F-8C99-B3500366AE46} = {9F2A1E09-6784-4C8C-A04C-BBD2C6F6AC9F}
		{3A02BD10-18F4-4C05-A699-9829868E426A} = {FA54EC42-9BF6-4A8F-8C99-B3500366AE46}
		{9DA26377-E7AF-46DD-B3DF-1050B2FE2472} = {3A02BD10-18F4-4C05-A699-9829868E426A}
	EndGlobalSection
	GlobalSection(ExtensibilityGlobals) = postSolution
		SolutionGuid = {CC06CEAC-F8B4-4EF6-8741-FDAE3A25FA00}
	EndGlobalSection
EndGlobal
