
Microsoft Visual Studio Solution File, Format Version 12.00
# Visual Studio Version 17
VisualStudioVersion = 17.5.002.0
MinimumVisualStudioVersion = 10.0.40219.1
Project("{2150E333-8FDC-42A3-9474-1A3956D46DE8}") = "graphics", "graphics", "{5D61985E-CFB8-40B0-B573-AB366297581D}"
EndProject
Project("{2150E333-8FDC-42A3-9474-1A3956D46DE8}") = "noesis", "noesis", "{E78B68BE-C3B8-4803-9CC2-DD7FF46F0CA7}"
EndProject
Project("{2150E333-8FDC-42A3-9474-1A3956D46DE8}") = "Theme", "Theme", "{155F8D4E-7FBF-4BEE-AB3C-666B4A5DB9AF}"
EndProject
Project("{9A19103F-16F7-4668-BE54-9A1E7A4F7556}") = "Theme-blend", "graphics\noesis\Theme\Data\Theme-blend.csproj", "{7E7899AB-41A0-48D8-9DF9-652E68876239}"
EndProject
Global
	GlobalSection(SolutionConfigurationPlatforms) = preSolution
		Debug|Any CPU = Debug|Any CPU
		Release|Any CPU = Release|Any CPU
	EndGlobalSection
	GlobalSection(ProjectConfigurationPlatforms) = postSolution
		{7E7899AB-41A0-48D8-9DF9-652E68876239}.Debug|Any CPU.ActiveCfg = Debug|Any CPU
		{7E7899AB-41A0-48D8-9DF9-652E68876239}.Debug|Any CPU.Build.0 = Debug|Any CPU
		{7E7899AB-41A0-48D8-9DF9-652E68876239}.Release|Any CPU.ActiveCfg = Release|Any CPU
		{7E7899AB-41A0-48D8-9DF9-652E68876239}.Release|Any CPU.Build.0 = Release|Any CPU
	EndGlobalSection
	GlobalSection(SolutionProperties) = preSolution
		HideSolutionNode = FALSE
	EndGlobalSection
	GlobalSection(NestedProjects) = preSolution
		{E78B68BE-C3B8-4803-9CC2-DD7FF46F0CA7} = {5D61985E-CFB8-40B0-B573-AB366297581D}
		{155F8D4E-7FBF-4BEE-AB3C-666B4A5DB9AF} = {E78B68BE-C3B8-4803-9CC2-DD7FF46F0CA7}
		{7E7899AB-41A0-48D8-9DF9-652E68876239} = {155F8D4E-7FBF-4BEE-AB3C-666B4A5DB9AF}
	EndGlobalSection
	GlobalSection(ExtensibilityGlobals) = postSolution
		SolutionGuid = {34D9D9AE-98E1-43B6-A756-807D5C5A7853}
	EndGlobalSection
EndGlobal
